// !$*UTF8*$!
{
	archiveVersion = 1;
	classes = {
	};
	objectVersion = 46;
	objects = {

/* Begin PBXBuildFile section */
		DF63C2F0196E30F8005C2693 /* Foundation.framework in Frameworks */ = {isa = PBXBuildFile; fileRef = DF63C2EF196E30F8005C2693 /* Foundation.framework */; };
		DF63C2F2196E30F8005C2693 /* CoreGraphics.framework in Frameworks */ = {isa = PBXBuildFile; fileRef = DF63C2F1196E30F8005C2693 /* CoreGraphics.framework */; };
		DF63C2F4196E30F8005C2693 /* UIKit.framework in Frameworks */ = {isa = PBXBuildFile; fileRef = DF63C2F3196E30F8005C2693 /* UIKit.framework */; };
		DF63C2FA196E30F8005C2693 /* InfoPlist.strings in Resources */ = {isa = PBXBuildFile; fileRef = DF63C2F8196E30F8005C2693 /* InfoPlist.strings */; };
		DF63C2FC196E30F8005C2693 /* main.m in Sources */ = {isa = PBXBuildFile; fileRef = DF63C2FB196E30F8005C2693 /* main.m */; };
		DF63C300196E30F8005C2693 /* AppDelegate.m in Sources */ = {isa = PBXBuildFile; fileRef = DF63C2FF196E30F8005C2693 /* AppDelegate.m */; };
		DF63C303196E30F8005C2693 /* Main.storyboard in Resources */ = {isa = PBXBuildFile; fileRef = DF63C301196E30F8005C2693 /* Main.storyboard */; };
		DF63C306196E30F8005C2693 /* ViewController.m in Sources */ = {isa = PBXBuildFile; fileRef = DF63C305196E30F8005C2693 /* ViewController.m */; };
		DF63C308196E30F8005C2693 /* Images.xcassets in Resources */ = {isa = PBXBuildFile; fileRef = DF63C307196E30F8005C2693 /* Images.xcassets */; };
		DF63C30F196E30F8005C2693 /* XCTest.framework in Frameworks */ = {isa = PBXBuildFile; fileRef = DF63C30E196E30F8005C2693 /* XCTest.framework */; };
		DF63C310196E30F8005C2693 /* Foundation.framework in Frameworks */ = {isa = PBXBuildFile; fileRef = DF63C2EF196E30F8005C2693 /* Foundation.framework */; };
		DF63C311196E30F8005C2693 /* UIKit.framework in Frameworks */ = {isa = PBXBuildFile; fileRef = DF63C2F3196E30F8005C2693 /* UIKit.framework */; };
		DF63C319196E30F8005C2693 /* InfoPlist.strings in Resources */ = {isa = PBXBuildFile; fileRef = DF63C317196E30F8005C2693 /* InfoPlist.strings */; };
		DF63C31B196E30F8005C2693 /* QQDemoTests.m in Sources */ = {isa = PBXBuildFile; fileRef = DF63C31A196E30F8005C2693 /* QQDemoTests.m */; };
		DF63C326196E312A005C2693 /* TencentAccess.m in Sources */ = {isa = PBXBuildFile; fileRef = DF63C325196E312A005C2693 /* TencentAccess.m */; };
		DF63C32D196E31E1005C2693 /* Security.framework in Frameworks */ = {isa = PBXBuildFile; fileRef = DF63C32C196E31E1005C2693 /* Security.framework */; };
		DF63C32F196E31EF005C2693 /* libiconv.dylib in Frameworks */ = {isa = PBXBuildFile; fileRef = DF63C32E196E31EF005C2693 /* libiconv.dylib */; };
		DF63C331196E31F7005C2693 /* SystemConfiguration.framework in Frameworks */ = {isa = PBXBuildFile; fileRef = DF63C330196E31F7005C2693 /* SystemConfiguration.framework */; };
		DF63C333196E320B005C2693 /* libsqlite3.dylib in Frameworks */ = {isa = PBXBuildFile; fileRef = DF63C332196E320B005C2693 /* libsqlite3.dylib */; };
		DF63C335196E3213005C2693 /* CoreTelephony.framework in Frameworks */ = {isa = PBXBuildFile; fileRef = DF63C334196E3213005C2693 /* CoreTelephony.framework */; };
		DF63C337196E3221005C2693 /* libstdc++.dylib in Frameworks */ = {isa = PBXBuildFile; fileRef = DF63C336196E3221005C2693 /* libstdc++.dylib */; };
		DF63C339196E3229005C2693 /* libz.dylib in Frameworks */ = {isa = PBXBuildFile; fileRef = DF63C338196E3229005C2693 /* libz.dylib */; };
		DFF892761A639337001B7E5E /* TencentOpenApi_IOS_Bundle.bundle in Resources */ = {isa = PBXBuildFile; fileRef = DFF892741A639337001B7E5E /* TencentOpenApi_IOS_Bundle.bundle */; };
		DFF892771A639337001B7E5E /* TencentOpenAPI.framework in Frameworks */ = {isa = PBXBuildFile; fileRef = DFF892751A639337001B7E5E /* TencentOpenAPI.framework */; };
/* End PBXBuildFile section */

/* Begin PBXContainerItemProxy section */
		DF63C312196E30F8005C2693 /* PBXContainerItemProxy */ = {
			isa = PBXContainerItemProxy;
			containerPortal = DF63C2E4196E30F8005C2693 /* Project object */;
			proxyType = 1;
			remoteGlobalIDString = DF63C2EB196E30F8005C2693;
			remoteInfo = QQDemo;
		};
/* End PBXContainerItemProxy section */

/* Begin PBXFileReference section */
		DF63C2EC196E30F8005C2693 /* QQDemo.app */ = {isa = PBXFileReference; explicitFileType = wrapper.application; includeInIndex = 0; path = QQDemo.app; sourceTree = BUILT_PRODUCTS_DIR; };
		DF63C2EF196E30F8005C2693 /* Foundation.framework */ = {isa = PBXFileReference; lastKnownFileType = wrapper.framework; name = Foundation.framework; path = System/Library/Frameworks/Foundation.framework; sourceTree = SDKROOT; };
		DF63C2F1196E30F8005C2693 /* CoreGraphics.framework */ = {isa = PBXFileReference; lastKnownFileType = wrapper.framework; name = CoreGraphics.framework; path = System/Library/Frameworks/CoreGraphics.framework; sourceTree = SDKROOT; };
		DF63C2F3196E30F8005C2693 /* UIKit.framework */ = {isa = PBXFileReference; lastKnownFileType = wrapper.framework; name = UIKit.framework; path = System/Library/Frameworks/UIKit.framework; sourceTree = SDKROOT; };
		DF63C2F7196E30F8005C2693 /* QQDemo-Info.plist */ = {isa = PBXFileReference; lastKnownFileType = text.plist.xml; path = "QQDemo-Info.plist"; sourceTree = "<group>"; };
		DF63C2F9196E30F8005C2693 /* en */ = {isa = PBXFileReference; lastKnownFileType = text.plist.strings; name = en; path = en.lproj/InfoPlist.strings; sourceTree = "<group>"; };
		DF63C2FB196E30F8005C2693 /* main.m */ = {isa = PBXFileReference; lastKnownFileType = sourcecode.c.objc; path = main.m; sourceTree = "<group>"; };
		DF63C2FD196E30F8005C2693 /* QQDemo-Prefix.pch */ = {isa = PBXFileReference; lastKnownFileType = sourcecode.c.h; path = "QQDemo-Prefix.pch"; sourceTree = "<group>"; };
		DF63C2FE196E30F8005C2693 /* AppDelegate.h */ = {isa = PBXFileReference; lastKnownFileType = sourcecode.c.h; path = AppDelegate.h; sourceTree = "<group>"; };
		DF63C2FF196E30F8005C2693 /* AppDelegate.m */ = {isa = PBXFileReference; lastKnownFileType = sourcecode.c.objc; path = AppDelegate.m; sourceTree = "<group>"; };
		DF63C302196E30F8005C2693 /* Base */ = {isa = PBXFileReference; lastKnownFileType = file.storyboard; name = Base; path = Base.lproj/Main.storyboard; sourceTree = "<group>"; };
		DF63C304196E30F8005C2693 /* ViewController.h */ = {isa = PBXFileReference; lastKnownFileType = sourcecode.c.h; path = ViewController.h; sourceTree = "<group>"; };
		DF63C305196E30F8005C2693 /* ViewController.m */ = {isa = PBXFileReference; lastKnownFileType = sourcecode.c.objc; path = ViewController.m; sourceTree = "<group>"; };
		DF63C307196E30F8005C2693 /* Images.xcassets */ = {isa = PBXFileReference; lastKnownFileType = folder.assetcatalog; path = Images.xcassets; sourceTree = "<group>"; };
		DF63C30D196E30F8005C2693 /* QQDemoTests.xctest */ = {isa = PBXFileReference; explicitFileType = wrapper.cfbundle; includeInIndex = 0; path = QQDemoTests.xctest; sourceTree = BUILT_PRODUCTS_DIR; };
		DF63C30E196E30F8005C2693 /* XCTest.framework */ = {isa = PBXFileReference; lastKnownFileType = wrapper.framework; name = XCTest.framework; path = Library/Frameworks/XCTest.framework; sourceTree = DEVELOPER_DIR; };
		DF63C316196E30F8005C2693 /* QQDemoTests-Info.plist */ = {isa = PBXFileReference; lastKnownFileType = text.plist.xml; path = "QQDemoTests-Info.plist"; sourceTree = "<group>"; };
		DF63C318196E30F8005C2693 /* en */ = {isa = PBXFileReference; lastKnownFileType = text.plist.strings; name = en; path = en.lproj/InfoPlist.strings; sourceTree = "<group>"; };
		DF63C31A196E30F8005C2693 /* QQDemoTests.m */ = {isa = PBXFileReference; lastKnownFileType = sourcecode.c.objc; path = QQDemoTests.m; sourceTree = "<group>"; };
		DF63C324196E312A005C2693 /* TencentAccess.h */ = {isa = PBXFileReference; fileEncoding = 4; lastKnownFileType = sourcecode.c.h; path = TencentAccess.h; sourceTree = "<group>"; };
		DF63C325196E312A005C2693 /* TencentAccess.m */ = {isa = PBXFileReference; fileEncoding = 4; lastKnownFileType = sourcecode.c.objc; path = TencentAccess.m; sourceTree = "<group>"; };
		DF63C32C196E31E1005C2693 /* Security.framework */ = {isa = PBXFileReference; lastKnownFileType = wrapper.framework; name = Security.framework; path = System/Library/Frameworks/Security.framework; sourceTree = SDKROOT; };
		DF63C32E196E31EF005C2693 /* libiconv.dylib */ = {isa = PBXFileReference; lastKnownFileType = "compiled.mach-o.dylib"; name = libiconv.dylib; path = usr/lib/libiconv.dylib; sourceTree = SDKROOT; };
		DF63C330196E31F7005C2693 /* SystemConfiguration.framework */ = {isa = PBXFileReference; lastKnownFileType = wrapper.framework; name = SystemConfiguration.framework; path = System/Library/Frameworks/SystemConfiguration.framework; sourceTree = SDKROOT; };
		DF63C332196E320B005C2693 /* libsqlite3.dylib */ = {isa = PBXFileReference; lastKnownFileType = "compiled.mach-o.dylib"; name = libsqlite3.dylib; path = usr/lib/libsqlite3.dylib; sourceTree = SDKROOT; };
		DF63C334196E3213005C2693 /* CoreTelephony.framework */ = {isa = PBXFileReference; lastKnownFileType = wrapper.framework; name = CoreTelephony.framework; path = System/Library/Frameworks/CoreTelephony.framework; sourceTree = SDKROOT; };
		DF63C336196E3221005C2693 /* libstdc++.dylib */ = {isa = PBXFileReference; lastKnownFileType = "compiled.mach-o.dylib"; name = "libstdc++.dylib"; path = "usr/lib/libstdc++.dylib"; sourceTree = SDKROOT; };
		DF63C338196E3229005C2693 /* libz.dylib */ = {isa = PBXFileReference; lastKnownFileType = "compiled.mach-o.dylib"; name = libz.dylib; path = usr/lib/libz.dylib; sourceTree = SDKROOT; };
		DFF892741A639337001B7E5E /* TencentOpenApi_IOS_Bundle.bundle */ = {isa = PBXFileReference; lastKnownFileType = "wrapper.plug-in"; path = TencentOpenApi_IOS_Bundle.bundle; sourceTree = "<group>"; };
		DFF892751A639337001B7E5E /* TencentOpenAPI.framework */ = {isa = PBXFileReference; lastKnownFileType = wrapper.framework; path = TencentOpenAPI.framework; sourceTree = "<group>"; };
/* End PBXFileReference section */

/* Begin PBXFrameworksBuildPhase section */
		DF63C2E9196E30F8005C2693 /* Frameworks */ = {
			isa = PBXFrameworksBuildPhase;
			buildActionMask = 2147483647;
			files = (
				DF63C339196E3229005C2693 /* libz.dylib in Frameworks */,
				DF63C337196E3221005C2693 /* libstdc++.dylib in Frameworks */,
				DF63C335196E3213005C2693 /* CoreTelephony.framework in Frameworks */,
				DF63C333196E320B005C2693 /* libsqlite3.dylib in Frameworks */,
				DF63C2F2196E30F8005C2693 /* CoreGraphics.framework in Frameworks */,
				DF63C331196E31F7005C2693 /* SystemConfiguration.framework in Frameworks */,
				DF63C32F196E31EF005C2693 /* libiconv.dylib in Frameworks */,
				DF63C32D196E31E1005C2693 /* Security.framework in Frameworks */,
				DFF892771A639337001B7E5E /* TencentOpenAPI.framework in Frameworks */,
				DF63C2F4196E30F8005C2693 /* UIKit.framework in Frameworks */,
				DF63C2F0196E30F8005C2693 /* Foundation.framework in Frameworks */,
			);
			runOnlyForDeploymentPostprocessing = 0;
		};
		DF63C30A196E30F8005C2693 /* Frameworks */ = {
			isa = PBXFrameworksBuildPhase;
			buildActionMask = 2147483647;
			files = (
				DF63C30F196E30F8005C2693 /* XCTest.framework in Frameworks */,
				DF63C311196E30F8005C2693 /* UIKit.framework in Frameworks */,
				DF63C310196E30F8005C2693 /* Foundation.framework in Frameworks */,
			);
			runOnlyForDeploymentPostprocessing = 0;
		};
/* End PBXFrameworksBuildPhase section */

/* Begin PBXGroup section */
		DF63C2E3196E30F8005C2693 = {
			isa = PBXGroup;
			children = (
				DF63C327196E3144005C2693 /* QQ */,
				DF63C2F5196E30F8005C2693 /* QQDemo */,
				DF63C314196E30F8005C2693 /* QQDemoTests */,
				DF63C2EE196E30F8005C2693 /* Frameworks */,
				DF63C2ED196E30F8005C2693 /* Products */,
			);
			sourceTree = "<group>";
		};
		DF63C2ED196E30F8005C2693 /* Products */ = {
			isa = PBXGroup;
			children = (
				DF63C2EC196E30F8005C2693 /* QQDemo.app */,
				DF63C30D196E30F8005C2693 /* QQDemoTests.xctest */,
			);
			name = Products;
			sourceTree = "<group>";
		};
		DF63C2EE196E30F8005C2693 /* Frameworks */ = {
			isa = PBXGroup;
			children = (
				DF63C338196E3229005C2693 /* libz.dylib */,
				DF63C336196E3221005C2693 /* libstdc++.dylib */,
				DF63C334196E3213005C2693 /* CoreTelephony.framework */,
				DF63C332196E320B005C2693 /* libsqlite3.dylib */,
				DF63C330196E31F7005C2693 /* SystemConfiguration.framework */,
				DF63C32E196E31EF005C2693 /* libiconv.dylib */,
				DF63C32C196E31E1005C2693 /* Security.framework */,
				DF63C2EF196E30F8005C2693 /* Foundation.framework */,
				DF63C2F1196E30F8005C2693 /* CoreGraphics.framework */,
				DF63C2F3196E30F8005C2693 /* UIKit.framework */,
				DF63C30E196E30F8005C2693 /* XCTest.framework */,
			);
			name = Frameworks;
			sourceTree = "<group>";
		};
		DF63C2F5196E30F8005C2693 /* QQDemo */ = {
			isa = PBXGroup;
			children = (
				DF63C324196E312A005C2693 /* TencentAccess.h */,
				DF63C325196E312A005C2693 /* TencentAccess.m */,
				DF63C2FE196E30F8005C2693 /* AppDelegate.h */,
				DF63C2FF196E30F8005C2693 /* AppDelegate.m */,
				DF63C301196E30F8005C2693 /* Main.storyboard */,
				DF63C304196E30F8005C2693 /* ViewController.h */,
				DF63C305196E30F8005C2693 /* ViewController.m */,
				DF63C307196E30F8005C2693 /* Images.xcassets */,
				DF63C2F6196E30F8005C2693 /* Supporting Files */,
			);
			path = QQDemo;
			sourceTree = "<group>";
		};
		DF63C2F6196E30F8005C2693 /* Supporting Files */ = {
			isa = PBXGroup;
			children = (
				DF63C2F7196E30F8005C2693 /* QQDemo-Info.plist */,
				DF63C2F8196E30F8005C2693 /* InfoPlist.strings */,
				DF63C2FB196E30F8005C2693 /* main.m */,
				DF63C2FD196E30F8005C2693 /* QQDemo-Prefix.pch */,
			);
			name = "Supporting Files";
			sourceTree = "<group>";
		};
		DF63C314196E30F8005C2693 /* QQDemoTests */ = {
			isa = PBXGroup;
			children = (
				DF63C31A196E30F8005C2693 /* QQDemoTests.m */,
				DF63C315196E30F8005C2693 /* Supporting Files */,
			);
			path = QQDemoTests;
			sourceTree = "<group>";
		};
		DF63C315196E30F8005C2693 /* Supporting Files */ = {
			isa = PBXGroup;
			children = (
				DF63C316196E30F8005C2693 /* QQDemoTests-Info.plist */,
				DF63C317196E30F8005C2693 /* InfoPlist.strings */,
			);
			name = "Supporting Files";
			sourceTree = "<group>";
		};
		DF63C327196E3144005C2693 /* QQ */ = {
			isa = PBXGroup;
			children = (
				DFF892741A639337001B7E5E /* TencentOpenApi_IOS_Bundle.bundle */,
				DFF892751A639337001B7E5E /* TencentOpenAPI.framework */,
			);
			path = QQ;
			sourceTree = "<group>";
		};
/* End PBXGroup section */

/* Begin PBXNativeTarget section */
		DF63C2EB196E30F8005C2693 /* QQDemo */ = {
			isa = PBXNativeTarget;
			buildConfigurationList = DF63C31E196E30F9005C2693 /* Build configuration list for PBXNativeTarget "QQDemo" */;
			buildPhases = (
				DF63C2E8196E30F8005C2693 /* Sources */,
				DF63C2E9196E30F8005C2693 /* Frameworks */,
				DF63C2EA196E30F8005C2693 /* Resources */,
			);
			buildRules = (
			);
			dependencies = (
			);
			name = QQDemo;
			productName = QQDemo;
			productReference = DF63C2EC196E30F8005C2693 /* QQDemo.app */;
			productType = "com.apple.product-type.application";
		};
		DF63C30C196E30F8005C2693 /* QQDemoTests */ = {
			isa = PBXNativeTarget;
			buildConfigurationList = DF63C321196E30F9005C2693 /* Build configuration list for PBXNativeTarget "QQDemoTests" */;
			buildPhases = (
				DF63C309196E30F8005C2693 /* Sources */,
				DF63C30A196E30F8005C2693 /* Frameworks */,
				DF63C30B196E30F8005C2693 /* Resources */,
			);
			buildRules = (
			);
			dependencies = (
				DF63C313196E30F8005C2693 /* PBXTargetDependency */,
			);
			name = QQDemoTests;
			productName = QQDemoTests;
			productReference = DF63C30D196E30F8005C2693 /* QQDemoTests.xctest */;
			productType = "com.apple.product-type.bundle.unit-test";
		};
/* End PBXNativeTarget section */

/* Begin PBXProject section */
		DF63C2E4196E30F8005C2693 /* Project object */ = {
			isa = PBXProject;
			attributes = {
				LastUpgradeCheck = 0720;
				ORGANIZATIONNAME = Dwarven;
				TargetAttributes = {
					DF63C30C196E30F8005C2693 = {
						TestTargetID = DF63C2EB196E30F8005C2693;
					};
				};
			};
			buildConfigurationList = DF63C2E7196E30F8005C2693 /* Build configuration list for PBXProject "QQDemo" */;
			compatibilityVersion = "Xcode 3.2";
			developmentRegion = English;
			hasScannedForEncodings = 0;
			knownRegions = (
				en,
				Base,
			);
			mainGroup = DF63C2E3196E30F8005C2693;
			productRefGroup = DF63C2ED196E30F8005C2693 /* Products */;
			projectDirPath = "";
			projectRoot = "";
			targets = (
				DF63C2EB196E30F8005C2693 /* QQDemo */,
				DF63C30C196E30F8005C2693 /* QQDemoTests */,
			);
		};
/* End PBXProject section */

/* Begin PBXResourcesBuildPhase section */
		DF63C2EA196E30F8005C2693 /* Resources */ = {
			isa = PBXResourcesBuildPhase;
			buildActionMask = 2147483647;
			files = (
				DFF892761A639337001B7E5E /* TencentOpenApi_IOS_Bundle.bundle in Resources */,
				DF63C308196E30F8005C2693 /* Images.xcassets in Resources */,
				DF63C2FA196E30F8005C2693 /* InfoPlist.strings in Resources */,
				DF63C303196E30F8005C2693 /* Main.storyboard in Resources */,
			);
			runOnlyForDeploymentPostprocessing = 0;
		};
		DF63C30B196E30F8005C2693 /* Resources */ = {
			isa = PBXResourcesBuildPhase;
			buildActionMask = 2147483647;
			files = (
				DF63C319196E30F8005C2693 /* InfoPlist.strings in Resources */,
			);
			runOnlyForDeploymentPostprocessing = 0;
		};
/* End PBXResourcesBuildPhase section */

/* Begin PBXSourcesBuildPhase section */
		DF63C2E8196E30F8005C2693 /* Sources */ = {
			isa = PBXSourcesBuildPhase;
			buildActionMask = 2147483647;
			files = (
				DF63C306196E30F8005C2693 /* ViewController.m in Sources */,
				DF63C326196E312A005C2693 /* TencentAccess.m in Sources */,
				DF63C300196E30F8005C2693 /* AppDelegate.m in Sources */,
				DF63C2FC196E30F8005C2693 /* main.m in Sources */,
			);
			runOnlyForDeploymentPostprocessing = 0;
		};
		DF63C309196E30F8005C2693 /* Sources */ = {
			isa = PBXSourcesBuildPhase;
			buildActionMask = 2147483647;
			files = (
				DF63C31B196E30F8005C2693 /* QQDemoTests.m in Sources */,
			);
			runOnlyForDeploymentPostprocessing = 0;
		};
/* End PBXSourcesBuildPhase section */

/* Begin PBXTargetDependency section */
		DF63C313196E30F8005C2693 /* PBXTargetDependency */ = {
			isa = PBXTargetDependency;
			target = DF63C2EB196E30F8005C2693 /* QQDemo */;
			targetProxy = DF63C312196E30F8005C2693 /* PBXContainerItemProxy */;
		};
/* End PBXTargetDependency section */

/* Begin PBXVariantGroup section */
		DF63C2F8196E30F8005C2693 /* InfoPlist.strings */ = {
			isa = PBXVariantGroup;
			children = (
				DF63C2F9196E30F8005C2693 /* en */,
			);
			name = InfoPlist.strings;
			sourceTree = "<group>";
		};
		DF63C301196E30F8005C2693 /* Main.storyboard */ = {
			isa = PBXVariantGroup;
			children = (
				DF63C302196E30F8005C2693 /* Base */,
			);
			name = Main.storyboard;
			sourceTree = "<group>";
		};
		DF63C317196E30F8005C2693 /* InfoPlist.strings */ = {
			isa = PBXVariantGroup;
			children = (
				DF63C318196E30F8005C2693 /* en */,
			);
			name = InfoPlist.strings;
			sourceTree = "<group>";
		};
/* End PBXVariantGroup section */

/* Begin XCBuildConfiguration section */
		DF63C31C196E30F9005C2693 /* Debug */ = {
			isa = XCBuildConfiguration;
			buildSettings = {
				ALWAYS_SEARCH_USER_PATHS = NO;
				CLANG_CXX_LANGUAGE_STANDARD = "gnu++0x";
				CLANG_CXX_LIBRARY = "libc++";
				CLANG_ENABLE_MODULES = YES;
				CLANG_ENABLE_OBJC_ARC = YES;
				CLANG_WARN_BOOL_CONVERSION = YES;
				CLANG_WARN_CONSTANT_CONVERSION = YES;
				CLANG_WARN_DIRECT_OBJC_ISA_USAGE = YES_ERROR;
				CLANG_WARN_EMPTY_BODY = YES;
				CLANG_WARN_ENUM_CONVERSION = YES;
				CLANG_WARN_INT_CONVERSION = YES;
				CLANG_WARN_OBJC_ROOT_CLASS = YES_ERROR;
				CLANG_WARN__DUPLICATE_METHOD_MATCH = YES;
				"CODE_SIGN_IDENTITY[sdk=iphoneos*]" = "iPhone Developer";
				COPY_PHASE_STRIP = NO;
				ENABLE_BITCODE = NO;
				ENABLE_TESTABILITY = YES;
				GCC_C_LANGUAGE_STANDARD = gnu99;
				GCC_DYNAMIC_NO_PIC = NO;
				GCC_OPTIMIZATION_LEVEL = 0;
				GCC_PREPROCESSOR_DEFINITIONS = (
					"DEBUG=1",
					"$(inherited)",
				);
				GCC_SYMBOLS_PRIVATE_EXTERN = NO;
				GCC_WARN_64_TO_32_BIT_CONVERSION = YES;
				GCC_WARN_ABOUT_RETURN_TYPE = YES_ERROR;
				GCC_WARN_UNDECLARED_SELECTOR = YES;
				GCC_WARN_UNINITIALIZED_AUTOS = YES_AGGRESSIVE;
				GCC_WARN_UNUSED_FUNCTION = YES;
				GCC_WARN_UNUSED_VARIABLE = YES;
				IPHONEOS_DEPLOYMENT_TARGET = 7.0;
				ONLY_ACTIVE_ARCH = YES;
				SDKROOT = iphoneos;
			};
			name = Debug;
		};
		DF63C31D196E30F9005C2693 /* Release */ = {
			isa = XCBuildConfiguration;
			buildSettings = {
				ALWAYS_SEARCH_USER_PATHS = NO;
				CLANG_CXX_LANGUAGE_STANDARD = "gnu++0x";
				CLANG_CXX_LIBRARY = "libc++";
				CLANG_ENABLE_MODULES = YES;
				CLANG_ENABLE_OBJC_ARC = YES;
				CLANG_WARN_BOOL_CONVERSION = YES;
				CLANG_WARN_CONSTANT_CONVERSION = YES;
				CLANG_WARN_DIRECT_OBJC_ISA_USAGE = YES_ERROR;
				CLANG_WARN_EMPTY_BODY = YES;
				CLANG_WARN_ENUM_CONVERSION = YES;
				CLANG_WARN_INT_CONVERSION = YES;
				CLANG_WARN_OBJC_ROOT_CLASS = YES_ERROR;
				CLANG_WARN__DUPLICATE_METHOD_MATCH = YES;
				"CODE_SIGN_IDENTITY[sdk=iphoneos*]" = "iPhone Developer";
				COPY_PHASE_STRIP = YES;
				ENABLE_BITCODE = NO;
				ENABLE_NS_ASSERTIONS = NO;
				GCC_C_LANGUAGE_STANDARD = gnu99;
				GCC_WARN_64_TO_32_BIT_CONVERSION = YES;
				GCC_WARN_ABOUT_RETURN_TYPE = YES_ERROR;
				GCC_WARN_UNDECLARED_SELECTOR = YES;
				GCC_WARN_UNINITIALIZED_AUTOS = YES_AGGRESSIVE;
				GCC_WARN_UNUSED_FUNCTION = YES;
				GCC_WARN_UNUSED_VARIABLE = YES;
				IPHONEOS_DEPLOYMENT_TARGET = 7.0;
				SDKROOT = iphoneos;
				VALIDATE_PRODUCT = YES;
			};
			name = Release;
		};
		DF63C31F196E30F9005C2693 /* Debug */ = {
			isa = XCBuildConfiguration;
			buildSettings = {
				ASSETCATALOG_COMPILER_APPICON_NAME = AppIcon;
				ASSETCATALOG_COMPILER_LAUNCHIMAGE_NAME = LaunchImage;
				FRAMEWORK_SEARCH_PATHS = (
					"$(inherited)",
					"$(PROJECT_DIR)/QQ",
				);
				GCC_PRECOMPILE_PREFIX_HEADER = YES;
				GCC_PREFIX_HEADER = "QQDemo/QQDemo-Prefix.pch";
				INFOPLIST_FILE = "QQDemo/QQDemo-Info.plist";
				IPHONEOS_DEPLOYMENT_TARGET = 7.0;
				OTHER_LDFLAGS = "-fobjc-arc";
				PRODUCT_BUNDLE_IDENTIFIER = "com.Dwarven.$(PRODUCT_NAME:rfc1034identifier)";
				PRODUCT_NAME = "$(TARGET_NAME)";
				WRAPPER_EXTENSION = app;
			};
			name = Debug;
		};
		DF63C320196E30F9005C2693 /* Release */ = {
			isa = XCBuildConfiguration;
			buildSettings = {
				ASSETCATALOG_COMPILER_APPICON_NAME = AppIcon;
				ASSETCATALOG_COMPILER_LAUNCHIMAGE_NAME = LaunchImage;
				FRAMEWORK_SEARCH_PATHS = (
					"$(inherited)",
					"$(PROJECT_DIR)/QQ",
				);
				GCC_PRECOMPILE_PREFIX_HEADER = YES;
				GCC_PREFIX_HEADER = "QQDemo/QQDemo-Prefix.pch";
				INFOPLIST_FILE = "QQDemo/QQDemo-Info.plist";
				IPHONEOS_DEPLOYMENT_TARGET = 7.0;
				OTHER_LDFLAGS = "-fobjc-arc";
				PRODUCT_BUNDLE_IDENTIFIER = "com.Dwarven.$(PRODUCT_NAME:rfc1034identifier)";
				PRODUCT_NAME = "$(TARGET_NAME)";
				WRAPPER_EXTENSION = app;
			};
			name = Release;
		};
		DF63C322196E30F9005C2693 /* Debug */ = {
			isa = XCBuildConfiguration;
			buildSettings = {
				BUNDLE_LOADER = "$(BUILT_PRODUCTS_DIR)/QQDemo.app/QQDemo";
				FRAMEWORK_SEARCH_PATHS = (
					"$(SDKROOT)/Developer/Library/Frameworks",
					"$(inherited)",
					"$(DEVELOPER_FRAMEWORKS_DIR)",
				);
				GCC_PRECOMPILE_PREFIX_HEADER = YES;
				GCC_PREFIX_HEADER = "QQDemo/QQDemo-Prefix.pch";
				GCC_PREPROCESSOR_DEFINITIONS = (
					"DEBUG=1",
					"$(inherited)",
				);
				INFOPLIST_FILE = "QQDemoTests/QQDemoTests-Info.plist";
				PRODUCT_BUNDLE_IDENTIFIER = "com.dwarven.${PRODUCT_NAME:rfc1034identifier}";
				PRODUCT_NAME = "$(TARGET_NAME)";
				TEST_HOST = "$(BUNDLE_LOADER)";
				WRAPPER_EXTENSION = xctest;
			};
			name = Debug;
		};
		DF63C323196E30F9005C2693 /* Release */ = {
			isa = XCBuildConfiguration;
			buildSettings = {
				BUNDLE_LOADER = "$(BUILT_PRODUCTS_DIR)/QQDemo.app/QQDemo";
				FRAMEWORK_SEARCH_PATHS = (
					"$(SDKROOT)/Developer/Library/Frameworks",
					"$(inherited)",
					"$(DEVELOPER_FRAMEWORKS_DIR)",
				);
				GCC_PRECOMPILE_PREFIX_HEADER = YES;
				GCC_PREFIX_HEADER = "QQDemo/QQDemo-Prefix.pch";
				INFOPLIST_FILE = "QQDemoTests/QQDemoTests-Info.plist";
				PRODUCT_BUNDLE_IDENTIFIER = "com.dwarven.${PRODUCT_NAME:rfc1034identifier}";
				PRODUCT_NAME = "$(TARGET_NAME)";
				TEST_HOST = "$(BUNDLE_LOADER)";
				WRAPPER_EXTENSION = xctest;
			};
			name = Release;
		};
/* End XCBuildConfiguration section */

/* Begin XCConfigurationList section */
		DF63C2E7196E30F8005C2693 /* Build configuration list for PBXProject "QQDemo" */ = {
			isa = XCConfigurationList;
			buildConfigurations = (
				DF63C31C196E30F9005C2693 /* Debug */,
				DF63C31D196E30F9005C2693 /* Release */,
			);
			defaultConfigurationIsVisible = 0;
			defaultConfigurationName = Release;
		};
		DF63C31E196E30F9005C2693 /* Build configuration list for PBXNativeTarget "QQDemo" */ = {
			isa = XCConfigurationList;
			buildConfigurations = (
				DF63C31F196E30F9005C2693 /* Debug */,
				DF63C320196E30F9005C2693 /* Release */,
			);
			defaultConfigurationIsVisible = 0;
			defaultConfigurationName = Release;
		};
		DF63C321196E30F9005C2693 /* Build configuration list for PBXNativeTarget "QQDemoTests" */ = {
			isa = XCConfigurationList;
			buildConfigurations = (
				DF63C322196E30F9005C2693 /* Debug */,
				DF63C323196E30F9005C2693 /* Release */,
			);
			defaultConfigurationIsVisible = 0;
			defaultConfigurationName = Release;
		};
/* End XCConfigurationList section */
	};
	rootObject = DF63C2E4196E30F8005C2693 /* Project object */;
}
